{
    "_readme": [
        "This file locks the dependencies of your project to a known state",
        "Read more about it at https://getcomposer.org/doc/01-basic-usage.md#installing-dependencies",
        "This file is @generated automatically"
    ],
    "content-hash": "88b65eac6160025a85c29a6ca00416c9",
    "packages": [
        {
            "name": "promphp/prometheus_client_php",
            "version": "v2.15.0",
            "source": {
                "type": "git",
                "url": "https://github.com/PromPHP/prometheus_client_php.git",
                "reference": "da86f1507b04dc44dc37ffb766d7d3a1d42c3050"
            },
            "dist": {
                "type": "zip",
                "url": "https://api.github.com/repos/PromPHP/prometheus_client_php/zipball/da86f1507b04dc44dc37ffb766d7d3a1d42c3050",
                "reference": "da86f1507b04dc44dc37ffb766d7d3a1d42c3050",
                "shasum": ""
            },
            "require": {
                "ext-json": "*",
                "php": "^8.2"
            },
            "replace": {
                "endclothing/prometheus_client_php": "*",
                "jimdo/prometheus_client_php": "*",
                "lkaemmerling/prometheus_client_php": "*"
            },
            "require-dev": {
                "guzzlehttp/guzzle": "^6.3|^7.0",
                "phpstan/extension-installer": "^1.0",
                "phpstan/phpstan": "^1.5.4",
                "phpstan/phpstan-phpunit": "^1.1.0",
                "phpstan/phpstan-strict-rules": "^1.1.0",
                "phpunit/phpunit": "^9.4",
                "predis/predis": "^2.3",
                "squizlabs/php_codesniffer": "^3.6",
                "symfony/polyfill-apcu": "^1.6"
            },
            "suggest": {
                "ext-apc": "Required if using APCu.",
                "ext-pdo": "Required if using PDO.",
                "ext-redis": "Required if using Redis.",
                "predis/predis": "Required if using Predis.",
                "promphp/prometheus_push_gateway_php": "An easy client for using Prometheus PushGateway.",
                "symfony/polyfill-apcu": "Required if you use APCu."
            },
            "type": "library",
            "extra": {
                "branch-alias": {
                    "dev-master": "1.0-dev"
                }
            },
            "autoload": {
                "psr-4": {
                    "Prometheus\\": "src/Prometheus/"
                }
            },
            "notification-url": "https://packagist.org/downloads/",
            "license": [
                "Apache-2.0"
            ],
            "authors": [
                {
                    "name": "Lukas Kämmerling",
                    "email": "kontakt@lukas-kaemmerling.de"
                }
            ],
            "description": "Prometheus instrumentation library for PHP applications.",
            "support": {
                "issues": "https://github.com/PromPHP/prometheus_client_php/issues",
                "source": "https://github.com/PromPHP/prometheus_client_php/tree/v2.15.0"
            },
            "time": "2026-03-24T22:44:50+00:00"
        }
    ],
    "packages-dev": [],
    "aliases": [],
    "minimum-stability": "stable",
    "stability-flags": {},
    "prefer-stable": false,
    "prefer-lowest": false,
    "platform": {},
    "platform-dev": {},
    "plugin-api-version": "2.9.0"
}
